
Microsoft Visual Studio Solution File, Format Version 12.00
# Visual Studio 14
VisualStudioVersion = 14.0.25420.1
MinimumVisualStudioVersion = 10.0.40219.1
Project("{FAE04EC0-301F-11D3-BF4B-00C04F79EFBC}") = "PharmaGuideApp.Droid", "PharmaGuideApp\PharmaGuideApp.Droid\PharmaGuideApp.Droid.csproj", "{37653C5E-660D-4A3A-AA99-C8791BF75A8E}"
EndProject
Project("{FAE04EC0-301F-11D3-BF4B-00C04F79EFBC}") = "PharmaGuideApp.iOS", "PharmaGuideApp\PharmaGuideApp.iOS\PharmaGuideApp.iOS.csproj", "{47ED3210-AA48-44E1-8E70-1D30A5D8B001}"
EndProject
Project("{FAE04EC0-301F-11D3-BF4B-00C04F79EFBC}") = "PharmaGuideApp.WinPhone", "PharmaGuideApp\PharmaGuideApp.WinPhone\PharmaGuideApp.WinPhone.csproj", "{693D746C-E761-4EAB-A911-5E468C48BF80}"
EndProject
Project("{FAE04EC0-301F-11D3-BF4B-00C04F79EFBC}") = "PharmaGuideApp.Windows", "PharmaGuideApp\PharmaGuideApp.Windows\PharmaGuideApp.Windows.csproj", "{BC004DC8-7113-4B22-90D7-6681B0FF8C43}"
EndProject
Project("{FAE04EC0-301F-11D3-BF4B-00C04F79EFBC}") = "PharmaGuideApp", "PharmaGuideApp\PharmaGuideApp\PharmaGuideApp.csproj", "{9817BC3A-C6D1-4D9F-AAB8-F5833FB8E01A}"
EndProject
Global
	GlobalSection(SolutionConfigurationPlatforms) = preSolution
		Ad-Hoc|Any CPU = Ad-Hoc|Any CPU
		Ad-Hoc|ARM = Ad-Hoc|ARM
		Ad-Hoc|iPhone = Ad-Hoc|iPhone
		Ad-Hoc|iPhoneSimulator = Ad-Hoc|iPhoneSimulator
		Ad-Hoc|x64 = Ad-Hoc|x64
		Ad-Hoc|x86 = Ad-Hoc|x86
		AppStore|Any CPU = AppStore|Any CPU
		AppStore|ARM = AppStore|ARM
		AppStore|iPhone = AppStore|iPhone
		AppStore|iPhoneSimulator = AppStore|iPhoneSimulator
		AppStore|x64 = AppStore|x64
		AppStore|x86 = AppStore|x86
		Debug|Any CPU = Debug|Any CPU
		Debug|ARM = Debug|ARM
		Debug|iPhone = Debug|iPhone
		Debug|iPhoneSimulator = Debug|iPhoneSimulator
		Debug|x64 = Debug|x64
		Debug|x86 = Debug|x86
		Release|Any CPU = Release|Any CPU
		Release|ARM = Release|ARM
		Release|iPhone = Release|iPhone
		Release|iPhoneSimulator = Release|iPhoneSimulator
		Release|x64 = Release|x64
		Release|x86 = Release|x86
	EndGlobalSection
	GlobalSection(ProjectConfigurationPlatforms) = postSolution
		{37653C5E-660D-4A3A-AA99-C8791BF75A8E}.Ad-Hoc|Any CPU.ActiveCfg = Release|Any CPU
		{37653C5E-660D-4A3A-AA99-C8791BF75A8E}.Ad-Hoc|Any CPU.Build.0 = Release|Any CPU
		{37653C5E-660D-4A3A-AA99-C8791BF75A8E}.Ad-Hoc|Any CPU.Deploy.0 = Release|Any CPU
		{37653C5E-660D-4A3A-AA99-C8791BF75A8E}.Ad-Hoc|ARM.ActiveCfg = Release|Any CPU
		{37653C5E-660D-4A3A-AA99-C8791BF75A8E}.Ad-Hoc|ARM.Build.0 = Release|Any CPU
		{37653C5E-660D-4A3A-AA99-C8791BF75A8E}.Ad-Hoc|ARM.Deploy.0 = Release|Any CPU
		{37653C5E-660D-4A3A-AA99-C8791BF75A8E}.Ad-Hoc|iPhone.ActiveCfg = Release|Any CPU
		{37653C5E-660D-4A3A-AA99-C8791BF75A8E}.Ad-Hoc|iPhone.Build.0 = Release|Any CPU
		{37653C5E-660D-4A3A-AA99-C8791BF75A8E}.Ad-Hoc|iPhone.Deploy.0 = Release|Any CPU
		{37653C5E-660D-4A3A-AA99-C8791BF75A8E}.Ad-Hoc|iPhoneSimulator.ActiveCfg = Release|Any CPU
		{37653C5E-660D-4A3A-AA99-C8791BF75A8E}.Ad-Hoc|iPhoneSimulator.Build.0 = Release|Any CPU
		{37653C5E-660D-4A3A-AA99-C8791BF75A8E}.Ad-Hoc|iPhoneSimulator.Deploy.0 = Release|Any CPU
		{37653C5E-660D-4A3A-AA99-C8791BF75A8E}.Ad-Hoc|x64.ActiveCfg = Release|Any CPU
		{37653C5E-660D-4A3A-AA99-C8791BF75A8E}.Ad-Hoc|x64.Build.0 = Release|Any CPU
		{37653C5E-660D-4A3A-AA99-C8791BF75A8E}.Ad-Hoc|x64.Deploy.0 = Release|Any CPU
		{37653C5E-660D-4A3A-AA99-C8791BF75A8E}.Ad-Hoc|x86.ActiveCfg = Release|Any CPU
		{37653C5E-660D-4A3A-AA99-C8791BF75A8E}.Ad-Hoc|x86.Build.0 = Release|Any CPU
		{37653C5E-660D-4A3A-AA99-C8791BF75A8E}.Ad-Hoc|x86.Deploy.0 = Release|Any CPU
		{37653C5E-660D-4A3A-AA99-C8791BF75A8E}.AppStore|Any CPU.ActiveCfg = Release|Any CPU
		{37653C5E-660D-4A3A-AA99-C8791BF75A8E}.AppStore|Any CPU.Build.0 = Release|Any CPU
		{37653C5E-660D-4A3A-AA99-C8791BF75A8E}.AppStore|Any CPU.Deploy.0 = Release|Any CPU
		{37653C5E-660D-4A3A-AA99-C8791BF75A8E}.AppStore|ARM.ActiveCfg = Release|Any CPU
		{37653C5E-660D-4A3A-AA99-C8791BF75A8E}.AppStore|ARM.Build.0 = Release|Any CPU
		{37653C5E-660D-4A3A-AA99-C8791BF75A8E}.AppStore|ARM.Deploy.0 = Release|Any CPU
		{37653C5E-660D-4A3A-AA99-C8791BF75A8E}.AppStore|iPhone.ActiveCfg = Release|Any CPU
		{37653C5E-660D-4A3A-AA99-C8791BF75A8E}.AppStore|iPhone.Build.0 = Release|Any CPU
		{37653C5E-660D-4A3A-AA99-C8791BF75A8E}.AppStore|iPhone.Deploy.0 = Release|Any CPU
		{37653C5E-660D-4A3A-AA99-C8791BF75A8E}.AppStore|iPhoneSimulator.ActiveCfg = Release|Any CPU
		{37653C5E-660D-4A3A-AA99-C8791BF75A8E}.AppStore|iPhoneSimulator.Build.0 = Release|Any CPU
		{37653C5E-660D-4A3A-AA99-C8791BF75A8E}.AppStore|iPhoneSimulator.Deploy.0 = Release|Any CPU
		{37653C5E-660D-4A3A-AA99-C8791BF75A8E}.AppStore|x64.ActiveCfg = Release|Any CPU
		{37653C5E-660D-4A3A-AA99-C8791BF75A8E}.AppStore|x64.Build.0 = Release|Any CPU
		{37653C5E-660D-4A3A-AA99-C8791BF75A8E}.AppStore|x64.Deploy.0 = Release|Any CPU
		{37653C5E-660D-4A3A-AA99-C8791BF75A8E}.AppStore|x86.ActiveCfg = Release|Any CPU
		{37653C5E-660D-4A3A-AA99-C8791BF75A8E}.AppStore|x86.Build.0 = Release|Any CPU
		{37653C5E-660D-4A3A-AA99-C8791BF75A8E}.AppStore|x86.Deploy.0 = Release|Any CPU
		{37653C5E-660D-4A3A-AA99-C8791BF75A8E}.Debug|Any CPU.ActiveCfg = Debug|Any CPU
		{37653C5E-660D-4A3A-AA99-C8791BF75A8E}.Debug|Any CPU.Build.0 = Debug|Any CPU
		{37653C5E-660D-4A3A-AA99-C8791BF75A8E}.Debug|Any CPU.Deploy.0 = Debug|Any CPU
		{37653C5E-660D-4A3A-AA99-C8791BF75A8E}.Debug|ARM.ActiveCfg = Debug|Any CPU
		{37653C5E-660D-4A3A-AA99-C8791BF75A8E}.Debug|ARM.Build.0 = Debug|Any CPU
		{37653C5E-660D-4A3A-AA99-C8791BF75A8E}.Debug|ARM.Deploy.0 = Debug|Any CPU
		{37653C5E-660D-4A3A-AA99-C8791BF75A8E}.Debug|iPhone.ActiveCfg = Debug|Any CPU
		{37653C5E-660D-4A3A-AA99-C8791BF75A8E}.Debug|iPhone.Build.0 = Debug|Any CPU
		{37653C5E-660D-4A3A-AA99-C8791BF75A8E}.Debug|iPhone.Deploy.0 = Debug|Any CPU
		{37653C5E-660D-4A3A-AA99-C8791BF75A8E}.Debug|iPhoneSimulator.ActiveCfg = Debug|Any CPU
		{37653C5E-660D-4A3A-AA99-C8791BF75A8E}.Debug|iPhoneSimulator.Build.0 = Debug|Any CPU
		{37653C5E-660D-4A3A-AA99-C8791BF75A8E}.Debug|iPhoneSimulator.Deploy.0 = Debug|Any CPU
		{37653C5E-660D-4A3A-AA99-C8791BF75A8E}.Debug|x64.ActiveCfg = Debug|Any CPU
		{37653C5E-660D-4A3A-AA99-C8791BF75A8E}.Debug|x64.Build.0 = Debug|Any CPU
		{37653C5E-660D-4A3A-AA99-C8791BF75A8E}.Debug|x64.Deploy.0 = Debug|Any CPU
		{37653C5E-660D-4A3A-AA99-C8791BF75A8E}.Debug|x86.ActiveCfg = Debug|Any CPU
		{37653C5E-660D-4A3A-AA99-C8791BF75A8E}.Debug|x86.Build.0 = Debug|Any CPU
		{37653C5E-660D-4A3A-AA99-C8791BF75A8E}.Debug|x86.Deploy.0 = Debug|Any CPU
		{37653C5E-660D-4A3A-AA99-C8791BF75A8E}.Release|Any CPU.ActiveCfg = Release|Any CPU
		{37653C5E-660D-4A3A-AA99-C8791BF75A8E}.Release|Any CPU.Build.0 = Release|Any CPU
		{37653C5E-660D-4A3A-AA99-C8791BF75A8E}.Release|Any CPU.Deploy.0 = Release|Any CPU
		{37653C5E-660D-4A3A-AA99-C8791BF75A8E}.Release|ARM.ActiveCfg = Release|Any CPU
		{37653C5E-660D-4A3A-AA99-C8791BF75A8E}.Release|ARM.Build.0 = Release|Any CPU
		{37653C5E-660D-4A3A-AA99-C8791BF75A8E}.Release|ARM.Deploy.0 = Release|Any CPU
		{37653C5E-660D-4A3A-AA99-C8791BF75A8E}.Release|iPhone.ActiveCfg = Release|Any CPU
		{37653C5E-660D-4A3A-AA99-C8791BF75A8E}.Release|iPhone.Build.0 = Release|Any CPU
		{37653C5E-660D-4A3A-AA99-C8791BF75A8E}.Release|iPhone.Deploy.0 = Release|Any CPU
		{37653C5E-660D-4A3A-AA99-C8791BF75A8E}.Release|iPhoneSimulator.ActiveCfg = Release|Any CPU
		{37653C5E-660D-4A3A-AA99-C8791BF75A8E}.Release|iPhoneSimulator.Build.0 = Release|Any CPU
		{37653C5E-660D-4A3A-AA99-C8791BF75A8E}.Release|iPhoneSimulator.Deploy.0 = Release|Any CPU
		{37653C5E-660D-4A3A-AA99-C8791BF75A8E}.Release|x64.ActiveCfg = Release|Any CPU
		{37653C5E-660D-4A3A-AA99-C8791BF75A8E}.Release|x64.Build.0 = Release|Any CPU
		{37653C5E-660D-4A3A-AA99-C8791BF75A8E}.Release|x64.Deploy.0 = Release|Any CPU
		{37653C5E-660D-4A3A-AA99-C8791BF75A8E}.Release|x86.ActiveCfg = Release|Any CPU
		{37653C5E-660D-4A3A-AA99-C8791BF75A8E}.Release|x86.Build.0 = Release|Any CPU
		{37653C5E-660D-4A3A-AA99-C8791BF75A8E}.Release|x86.Deploy.0 = Release|Any CPU
		{47ED3210-AA48-44E1-8E70-1D30A5D8B001}.Ad-Hoc|Any CPU.ActiveCfg = Ad-Hoc|iPhone
		{47ED3210-AA48-44E1-8E70-1D30A5D8B001}.Ad-Hoc|ARM.ActiveCfg = Ad-Hoc|iPhone
		{47ED3210-AA48-44E1-8E70-1D30A5D8B001}.Ad-Hoc|iPhone.ActiveCfg = Ad-Hoc|iPhone
		{47ED3210-AA48-44E1-8E70-1D30A5D8B001}.Ad-Hoc|iPhone.Build.0 = Ad-Hoc|iPhone
		{47ED3210-AA48-44E1-8E70-1D30A5D8B001}.Ad-Hoc|iPhoneSimulator.ActiveCfg = Ad-Hoc|iPhoneSimulator
		{47ED3210-AA48-44E1-8E70-1D30A5D8B001}.Ad-Hoc|iPhoneSimulator.Build.0 = Ad-Hoc|iPhoneSimulator
		{47ED3210-AA48-44E1-8E70-1D30A5D8B001}.Ad-Hoc|x64.ActiveCfg = Ad-Hoc|iPhone
		{47ED3210-AA48-44E1-8E70-1D30A5D8B001}.Ad-Hoc|x86.ActiveCfg = Ad-Hoc|iPhone
		{47ED3210-AA48-44E1-8E70-1D30A5D8B001}.AppStore|Any CPU.ActiveCfg = AppStore|iPhone
		{47ED3210-AA48-44E1-8E70-1D30A5D8B001}.AppStore|ARM.ActiveCfg = AppStore|iPhone
		{47ED3210-AA48-44E1-8E70-1D30A5D8B001}.AppStore|iPhone.ActiveCfg = AppStore|iPhone
		{47ED3210-AA48-44E1-8E70-1D30A5D8B001}.AppStore|iPhone.Build.0 = AppStore|iPhone
		{47ED3210-AA48-44E1-8E70-1D30A5D8B001}.AppStore|iPhoneSimulator.ActiveCfg = AppStore|iPhoneSimulator
		{47ED3210-AA48-44E1-8E70-1D30A5D8B001}.AppStore|iPhoneSimulator.Build.0 = AppStore|iPhoneSimulator
		{47ED3210-AA48-44E1-8E70-1D30A5D8B001}.AppStore|x64.ActiveCfg = AppStore|iPhone
		{47ED3210-AA48-44E1-8E70-1D30A5D8B001}.AppStore|x86.ActiveCfg = AppStore|iPhone
		{47ED3210-AA48-44E1-8E70-1D30A5D8B001}.Debug|Any CPU.ActiveCfg = Debug|iPhone
		{47ED3210-AA48-44E1-8E70-1D30A5D8B001}.Debug|ARM.ActiveCfg = Debug|iPhone
		{47ED3210-AA48-44E1-8E70-1D30A5D8B001}.Debug|iPhone.ActiveCfg = Debug|iPhone
		{47ED3210-AA48-44E1-8E70-1D30A5D8B001}.Debug|iPhone.Build.0 = Debug|iPhone
		{47ED3210-AA48-44E1-8E70-1D30A5D8B001}.Debug|iPhoneSimulator.ActiveCfg = Debug|iPhoneSimulator
		{47ED3210-AA48-44E1-8E70-1D30A5D8B001}.Debug|iPhoneSimulator.Build.0 = Debug|iPhoneSimulator
		{47ED3210-AA48-44E1-8E70-1D30A5D8B001}.Debug|x64.ActiveCfg = Debug|iPhone
		{47ED3210-AA48-44E1-8E70-1D30A5D8B001}.Debug|x86.ActiveCfg = Debug|iPhone
		{47ED3210-AA48-44E1-8E70-1D30A5D8B001}.Release|Any CPU.ActiveCfg = Release|iPhone
		{47ED3210-AA48-44E1-8E70-1D30A5D8B001}.Release|ARM.ActiveCfg = Release|iPhone
		{47ED3210-AA48-44E1-8E70-1D30A5D8B001}.Release|iPhone.ActiveCfg = Release|iPhone
		{47ED3210-AA48-44E1-8E70-1D30A5D8B001}.Release|iPhone.Build.0 = Release|iPhone
		{47ED3210-AA48-44E1-8E70-1D30A5D8B001}.Release|iPhoneSimulator.ActiveCfg = Release|iPhoneSimulator
		{47ED3210-AA48-44E1-8E70-1D30A5D8B001}.Release|iPhoneSimulator.Build.0 = Release|iPhoneSimulator
		{47ED3210-AA48-44E1-8E70-1D30A5D8B001}.Release|x64.ActiveCfg = Release|iPhone
		{47ED3210-AA48-44E1-8E70-1D30A5D8B001}.Release|x86.ActiveCfg = Release|iPhone
		{693D746C-E761-4EAB-A911-5E468C48BF80}.Ad-Hoc|Any CPU.ActiveCfg = Release|Any CPU
		{693D746C-E761-4EAB-A911-5E468C48BF80}.Ad-Hoc|Any CPU.Build.0 = Release|Any CPU
		{693D746C-E761-4EAB-A911-5E468C48BF80}.Ad-Hoc|Any CPU.Deploy.0 = Release|Any CPU
		{693D746C-E761-4EAB-A911-5E468C48BF80}.Ad-Hoc|ARM.ActiveCfg = Release|ARM
		{693D746C-E761-4EAB-A911-5E468C48BF80}.Ad-Hoc|ARM.Build.0 = Release|ARM
		{693D746C-E761-4EAB-A911-5E468C48BF80}.Ad-Hoc|ARM.Deploy.0 = Release|ARM
		{693D746C-E761-4EAB-A911-5E468C48BF80}.Ad-Hoc|iPhone.ActiveCfg = Release|Any CPU
		{693D746C-E761-4EAB-A911-5E468C48BF80}.Ad-Hoc|iPhone.Build.0 = Release|Any CPU
		{693D746C-E761-4EAB-A911-5E468C48BF80}.Ad-Hoc|iPhone.Deploy.0 = Release|Any CPU
		{693D746C-E761-4EAB-A911-5E468C48BF80}.Ad-Hoc|iPhoneSimulator.ActiveCfg = Release|Any CPU
		{693D746C-E761-4EAB-A911-5E468C48BF80}.Ad-Hoc|iPhoneSimulator.Build.0 = Release|Any CPU
		{693D746C-E761-4EAB-A911-5E468C48BF80}.Ad-Hoc|iPhoneSimulator.Deploy.0 = Release|Any CPU
		{693D746C-E761-4EAB-A911-5E468C48BF80}.Ad-Hoc|x64.ActiveCfg = Release|Any CPU
		{693D746C-E761-4EAB-A911-5E468C48BF80}.Ad-Hoc|x64.Build.0 = Release|Any CPU
		{693D746C-E761-4EAB-A911-5E468C48BF80}.Ad-Hoc|x64.Deploy.0 = Release|Any CPU
		{693D746C-E761-4EAB-A911-5E468C48BF80}.Ad-Hoc|x86.ActiveCfg = Release|x86
		{693D746C-E761-4EAB-A911-5E468C48BF80}.Ad-Hoc|x86.Build.0 = Release|x86
		{693D746C-E761-4EAB-A911-5E468C48BF80}.Ad-Hoc|x86.Deploy.0 = Release|x86
		{693D746C-E761-4EAB-A911-5E468C48BF80}.AppStore|Any CPU.ActiveCfg = Release|Any CPU
		{693D746C-E761-4EAB-A911-5E468C48BF80}.AppStore|Any CPU.Build.0 = Release|Any CPU
		{693D746C-E761-4EAB-A911-5E468C48BF80}.AppStore|Any CPU.Deploy.0 = Release|Any CPU
		{693D746C-E761-4EAB-A911-5E468C48BF80}.AppStore|ARM.ActiveCfg = Release|ARM
		{693D746C-E761-4EAB-A911-5E468C48BF80}.AppStore|ARM.Build.0 = Release|ARM
		{693D746C-E761-4EAB-A911-5E468C48BF80}.AppStore|ARM.Deploy.0 = Release|ARM
		{693D746C-E761-4EAB-A911-5E468C48BF80}.AppStore|iPhone.ActiveCfg = Release|Any CPU
		{693D746C-E761-4EAB-A911-5E468C48BF80}.AppStore|iPhone.Build.0 = Release|Any CPU
		{693D746C-E761-4EAB-A911-5E468C48BF80}.AppStore|iPhone.Deploy.0 = Release|Any CPU
		{693D746C-E761-4EAB-A911-5E468C48BF80}.AppStore|iPhoneSimulator.ActiveCfg = Release|Any CPU
		{693D746C-E761-4EAB-A911-5E468C48BF80}.AppStore|iPhoneSimulator.Build.0 = Release|Any CPU
		{693D746C-E761-4EAB-A911-5E468C48BF80}.AppStore|iPhoneSimulator.Deploy.0 = Release|Any CPU
		{693D746C-E761-4EAB-A911-5E468C48BF80}.AppStore|x64.ActiveCfg = Release|Any CPU
		{693D746C-E761-4EAB-A911-5E468C48BF80}.AppStore|x64.Build.0 = Release|Any CPU
		{693D746C-E761-4EAB-A911-5E468C48BF80}.AppStore|x64.Deploy.0 = Release|Any CPU
		{693D746C-E761-4EAB-A911-5E468C48BF80}.AppStore|x86.ActiveCfg = Release|x86
		{693D746C-E761-4EAB-A911-5E468C48BF80}.AppStore|x86.Build.0 = Release|x86
		{693D746C-E761-4EAB-A911-5E468C48BF80}.AppStore|x86.Deploy.0 = Release|x86
		{693D746C-E761-4EAB-A911-5E468C48BF80}.Debug|Any CPU.ActiveCfg = Debug|Any CPU
		{693D746C-E761-4EAB-A911-5E468C48BF80}.Debug|Any CPU.Build.0 = Debug|Any CPU
		{693D746C-E761-4EAB-A911-5E468C48BF80}.Debug|Any CPU.Deploy.0 = Debug|Any CPU
		{693D746C-E761-4EAB-A911-5E468C48BF80}.Debug|ARM.ActiveCfg = Debug|ARM
		{693D746C-E761-4EAB-A911-5E468C48BF80}.Debug|ARM.Build.0 = Debug|ARM
		{693D746C-E761-4EAB-A911-5E468C48BF80}.Debug|ARM.Deploy.0 = Debug|ARM
		{693D746C-E761-4EAB-A911-5E468C48BF80}.Debug|iPhone.ActiveCfg = Debug|Any CPU
		{693D746C-E761-4EAB-A911-5E468C48BF80}.Debug|iPhone.Build.0 = Debug|Any CPU
		{693D746C-E761-4EAB-A911-5E468C48BF80}.Debug|iPhone.Deploy.0 = Debug|Any CPU
		{693D746C-E761-4EAB-A911-5E468C48BF80}.Debug|iPhoneSimulator.ActiveCfg = Debug|Any CPU
		{693D746C-E761-4EAB-A911-5E468C48BF80}.Debug|iPhoneSimulator.Build.0 = Debug|Any CPU
		{693D746C-E761-4EAB-A911-5E468C48BF80}.Debug|iPhoneSimulator.Deploy.0 = Debug|Any CPU
		{693D746C-E761-4EAB-A911-5E468C48BF80}.Debug|x64.ActiveCfg = Debug|Any CPU
		{693D746C-E761-4EAB-A911-5E468C48BF80}.Debug|x64.Build.0 = Debug|Any CPU
		{693D746C-E761-4EAB-A911-5E468C48BF80}.Debug|x64.Deploy.0 = Debug|Any CPU
		{693D746C-E761-4EAB-A911-5E468C48BF80}.Debug|x86.ActiveCfg = Debug|x86
		{693D746C-E761-4EAB-A911-5E468C48BF80}.Debug|x86.Build.0 = Debug|x86
		{693D746C-E761-4EAB-A911-5E468C48BF80}.Debug|x86.Deploy.0 = Debug|x86
		{693D746C-E761-4EAB-A911-5E468C48BF80}.Release|Any CPU.ActiveCfg = Release|Any CPU
		{693D746C-E761-4EAB-A911-5E468C48BF80}.Release|Any CPU.Build.0 = Release|Any CPU
		{693D746C-E761-4EAB-A911-5E468C48BF80}.Release|Any CPU.Deploy.0 = Release|Any CPU
		{693D746C-E761-4EAB-A911-5E468C48BF80}.Release|ARM.ActiveCfg = Release|ARM
		{693D746C-E761-4EAB-A911-5E468C48BF80}.Release|ARM.Build.0 = Release|ARM
		{693D746C-E761-4EAB-A911-5E468C48BF80}.Release|ARM.Deploy.0 = Release|ARM
		{693D746C-E761-4EAB-A911-5E468C48BF80}.Release|iPhone.ActiveCfg = Release|Any CPU
		{693D746C-E761-4EAB-A911-5E468C48BF80}.Release|iPhone.Build.0 = Release|Any CPU
		{693D746C-E761-4EAB-A911-5E468C48BF80}.Release|iPhone.Deploy.0 = Release|Any CPU
		{693D746C-E761-4EAB-A911-5E468C48BF80}.Release|iPhoneSimulator.ActiveCfg = Release|Any CPU
		{693D746C-E761-4EAB-A911-5E468C48BF80}.Release|iPhoneSimulator.Build.0 = Release|Any CPU
		{693D746C-E761-4EAB-A911-5E468C48BF80}.Release|iPhoneSimulator.Deploy.0 = Release|Any CPU
		{693D746C-E761-4EAB-A911-5E468C48BF80}.Release|x64.ActiveCfg = Release|Any CPU
		{693D746C-E761-4EAB-A911-5E468C48BF80}.Release|x64.Build.0 = Release|Any CPU
		{693D746C-E761-4EAB-A911-5E468C48BF80}.Release|x64.Deploy.0 = Release|Any CPU
		{693D746C-E761-4EAB-A911-5E468C48BF80}.Release|x86.ActiveCfg = Release|x86
		{693D746C-E761-4EAB-A911-5E468C48BF80}.Release|x86.Build.0 = Release|x86
		{693D746C-E761-4EAB-A911-5E468C48BF80}.Release|x86.Deploy.0 = Release|x86
		{BC004DC8-7113-4B22-90D7-6681B0FF8C43}.Ad-Hoc|Any CPU.ActiveCfg = Release|Any CPU
		{BC004DC8-7113-4B22-90D7-6681B0FF8C43}.Ad-Hoc|Any CPU.Build.0 = Release|Any CPU
		{BC004DC8-7113-4B22-90D7-6681B0FF8C43}.Ad-Hoc|Any CPU.Deploy.0 = Release|Any CPU
		{BC004DC8-7113-4B22-90D7-6681B0FF8C43}.Ad-Hoc|ARM.ActiveCfg = Release|ARM
		{BC004DC8-7113-4B22-90D7-6681B0FF8C43}.Ad-Hoc|ARM.Build.0 = Release|ARM
		{BC004DC8-7113-4B22-90D7-6681B0FF8C43}.Ad-Hoc|ARM.Deploy.0 = Release|ARM
		{BC004DC8-7113-4B22-90D7-6681B0FF8C43}.Ad-Hoc|iPhone.ActiveCfg = Release|Any CPU
		{BC004DC8-7113-4B22-90D7-6681B0FF8C43}.Ad-Hoc|iPhone.Build.0 = Release|Any CPU
		{BC004DC8-7113-4B22-90D7-6681B0FF8C43}.Ad-Hoc|iPhone.Deploy.0 = Release|Any CPU
		{BC004DC8-7113-4B22-90D7-6681B0FF8C43}.Ad-Hoc|iPhoneSimulator.ActiveCfg = Release|Any CPU
		{BC004DC8-7113-4B22-90D7-6681B0FF8C43}.Ad-Hoc|iPhoneSimulator.Build.0 = Release|Any CPU
		{BC004DC8-7113-4B22-90D7-6681B0FF8C43}.Ad-Hoc|iPhoneSimulator.Deploy.0 = Release|Any CPU
		{BC004DC8-7113-4B22-90D7-6681B0FF8C43}.Ad-Hoc|x64.ActiveCfg = Release|x64
		{BC004DC8-7113-4B22-90D7-6681B0FF8C43}.Ad-Hoc|x64.Build.0 = Release|x64
		{BC004DC8-7113-4B22-90D7-6681B0FF8C43}.Ad-Hoc|x64.Deploy.0 = Release|x64
		{BC004DC8-7113-4B22-90D7-6681B0FF8C43}.Ad-Hoc|x86.ActiveCfg = Release|x86
		{BC004DC8-7113-4B22-90D7-6681B0FF8C43}.Ad-Hoc|x86.Build.0 = Release|x86
		{BC004DC8-7113-4B22-90D7-6681B0FF8C43}.Ad-Hoc|x86.Deploy.0 = Release|x86
		{BC004DC8-7113-4B22-90D7-6681B0FF8C43}.AppStore|Any CPU.ActiveCfg = Release|Any CPU
		{BC004DC8-7113-4B22-90D7-6681B0FF8C43}.AppStore|Any CPU.Build.0 = Release|Any CPU
		{BC004DC8-7113-4B22-90D7-6681B0FF8C43}.AppStore|Any CPU.Deploy.0 = Release|Any CPU
		{BC004DC8-7113-4B22-90D7-6681B0FF8C43}.AppStore|ARM.ActiveCfg = Release|ARM
		{BC004DC8-7113-4B22-90D7-6681B0FF8C43}.AppStore|ARM.Build.0 = Release|ARM
		{BC004DC8-7113-4B22-90D7-6681B0FF8C43}.AppStore|ARM.Deploy.0 = Release|ARM
		{BC004DC8-7113-4B22-90D7-6681B0FF8C43}.AppStore|iPhone.ActiveCfg = Release|Any CPU
		{BC004DC8-7113-4B22-90D7-6681B0FF8C43}.AppStore|iPhone.Build.0 = Release|Any CPU
		{BC004DC8-7113-4B22-90D7-6681B0FF8C43}.AppStore|iPhone.Deploy.0 = Release|Any CPU
		{BC004DC8-7113-4B22-90D7-6681B0FF8C43}.AppStore|iPhoneSimulator.ActiveCfg = Release|Any CPU
		{BC004DC8-7113-4B22-90D7-6681B0FF8C43}.AppStore|iPhoneSimulator.Build.0 = Release|Any CPU
		{BC004DC8-7113-4B22-90D7-6681B0FF8C43}.AppStore|iPhoneSimulator.Deploy.0 = Release|Any CPU
		{BC004DC8-7113-4B22-90D7-6681B0FF8C43}.AppStore|x64.ActiveCfg = Release|x64
		{BC004DC8-7113-4B22-90D7-6681B0FF8C43}.AppStore|x64.Build.0 = Release|x64
		{BC004DC8-7113-4B22-90D7-6681B0FF8C43}.AppStore|x64.Deploy.0 = Release|x64
		{BC004DC8-7113-4B22-90D7-6681B0FF8C43}.AppStore|x86.ActiveCfg = Release|x86
		{BC004DC8-7113-4B22-90D7-6681B0FF8C43}.AppStore|x86.Build.0 = Release|x86
		{BC004DC8-7113-4B22-90D7-6681B0FF8C43}.AppStore|x86.Deploy.0 = Release|x86
		{BC004DC8-7113-4B22-90D7-6681B0FF8C43}.Debug|Any CPU.ActiveCfg = Debug|Any CPU
		{BC004DC8-7113-4B22-90D7-6681B0FF8C43}.Debug|Any CPU.Build.0 = Debug|Any CPU
		{BC004DC8-7113-4B22-90D7-6681B0FF8C43}.Debug|Any CPU.Deploy.0 = Debug|Any CPU
		{BC004DC8-7113-4B22-90D7-6681B0FF8C43}.Debug|ARM.ActiveCfg = Debug|ARM
		{BC004DC8-7113-4B22-90D7-6681B0FF8C43}.Debug|ARM.Build.0 = Debug|ARM
		{BC004DC8-7113-4B22-90D7-6681B0FF8C43}.Debug|ARM.Deploy.0 = Debug|ARM
		{BC004DC8-7113-4B22-90D7-6681B0FF8C43}.Debug|iPhone.ActiveCfg = Debug|Any CPU
		{BC004DC8-7113-4B22-90D7-6681B0FF8C43}.Debug|iPhone.Build.0 = Debug|Any CPU
		{BC004DC8-7113-4B22-90D7-6681B0FF8C43}.Debug|iPhone.Deploy.0 = Debug|Any CPU
		{BC004DC8-7113-4B22-90D7-6681B0FF8C43}.Debug|iPhoneSimulator.ActiveCfg = Debug|Any CPU
		{BC004DC8-7113-4B22-90D7-6681B0FF8C43}.Debug|iPhoneSimulator.Build.0 = Debug|Any CPU
		{BC004DC8-7113-4B22-90D7-6681B0FF8C43}.Debug|iPhoneSimulator.Deploy.0 = Debug|Any CPU
		{BC004DC8-7113-4B22-90D7-6681B0FF8C43}.Debug|x64.ActiveCfg = Debug|x64
		{BC004DC8-7113-4B22-90D7-6681B0FF8C43}.Debug|x64.Build.0 = Debug|x64
		{BC004DC8-7113-4B22-90D7-6681B0FF8C43}.Debug|x64.Deploy.0 = Debug|x64
		{BC004DC8-7113-4B22-90D7-6681B0FF8C43}.Debug|x86.ActiveCfg = Debug|x86
		{BC004DC8-7113-4B22-90D7-6681B0FF8C43}.Debug|x86.Build.0 = Debug|x86
		{BC004DC8-7113-4B22-90D7-6681B0FF8C43}.Debug|x86.Deploy.0 = Debug|x86
		{BC004DC8-7113-4B22-90D7-6681B0FF8C43}.Release|Any CPU.ActiveCfg = Release|Any CPU
		{BC004DC8-7113-4B22-90D7-6681B0FF8C43}.Release|Any CPU.Build.0 = Release|Any CPU
		{BC004DC8-7113-4B22-90D7-6681B0FF8C43}.Release|Any CPU.Deploy.0 = Release|Any CPU
		{BC004DC8-7113-4B22-90D7-6681B0FF8C43}.Release|ARM.ActiveCfg = Release|ARM
		{BC004DC8-7113-4B22-90D7-6681B0FF8C43}.Release|ARM.Build.0 = Release|ARM
		{BC004DC8-7113-4B22-90D7-6681B0FF8C43}.Release|ARM.Deploy.0 = Release|ARM
		{BC004DC8-7113-4B22-90D7-6681B0FF8C43}.Release|iPhone.ActiveCfg = Release|Any CPU
		{BC004DC8-7113-4B22-90D7-6681B0FF8C43}.Release|iPhone.Build.0 = Release|Any CPU
		{BC004DC8-7113-4B22-90D7-6681B0FF8C43}.Release|iPhone.Deploy.0 = Release|Any CPU
		{BC004DC8-7113-4B22-90D7-6681B0FF8C43}.Release|iPhoneSimulator.ActiveCfg = Release|Any CPU
		{BC004DC8-7113-4B22-90D7-6681B0FF8C43}.Release|iPhoneSimulator.Build.0 = Release|Any CPU
		{BC004DC8-7113-4B22-90D7-6681B0FF8C43}.Release|iPhoneSimulator.Deploy.0 = Release|Any CPU
		{BC004DC8-7113-4B22-90D7-6681B0FF8C43}.Release|x64.ActiveCfg = Release|x64
		{BC004DC8-7113-4B22-90D7-6681B0FF8C43}.Release|x64.Build.0 = Release|x64
		{BC004DC8-7113-4B22-90D7-6681B0FF8C43}.Release|x64.Deploy.0 = Release|x64
		{BC004DC8-7113-4B22-90D7-6681B0FF8C43}.Release|x86.ActiveCfg = Release|x86
		{BC004DC8-7113-4B22-90D7-6681B0FF8C43}.Release|x86.Build.0 = Release|x86
		{BC004DC8-7113-4B22-90D7-6681B0FF8C43}.Release|x86.Deploy.0 = Release|x86
		{9817BC3A-C6D1-4D9F-AAB8-F5833FB8E01A}.Ad-Hoc|Any CPU.ActiveCfg = Release|Any CPU
		{9817BC3A-C6D1-4D9F-AAB8-F5833FB8E01A}.Ad-Hoc|Any CPU.Build.0 = Release|Any CPU
		{9817BC3A-C6D1-4D9F-AAB8-F5833FB8E01A}.Ad-Hoc|ARM.ActiveCfg = Release|Any CPU
		{9817BC3A-C6D1-4D9F-AAB8-F5833FB8E01A}.Ad-Hoc|ARM.Build.0 = Release|Any CPU
		{9817BC3A-C6D1-4D9F-AAB8-F5833FB8E01A}.Ad-Hoc|iPhone.ActiveCfg = Release|Any CPU
		{9817BC3A-C6D1-4D9F-AAB8-F5833FB8E01A}.Ad-Hoc|iPhone.Build.0 = Release|Any CPU
		{9817BC3A-C6D1-4D9F-AAB8-F5833FB8E01A}.Ad-Hoc|iPhoneSimulator.ActiveCfg = Release|Any CPU
		{9817BC3A-C6D1-4D9F-AAB8-F5833FB8E01A}.Ad-Hoc|iPhoneSimulator.Build.0 = Release|Any CPU
		{9817BC3A-C6D1-4D9F-AAB8-F5833FB8E01A}.Ad-Hoc|x64.ActiveCfg = Release|Any CPU
		{9817BC3A-C6D1-4D9F-AAB8-F5833FB8E01A}.Ad-Hoc|x64.Build.0 = Release|Any CPU
		{9817BC3A-C6D1-4D9F-AAB8-F5833FB8E01A}.Ad-Hoc|x86.ActiveCfg = Release|Any CPU
		{9817BC3A-C6D1-4D9F-AAB8-F5833FB8E01A}.Ad-Hoc|x86.Build.0 = Release|Any CPU
		{9817BC3A-C6D1-4D9F-AAB8-F5833FB8E01A}.AppStore|Any CPU.ActiveCfg = Release|Any CPU
		{9817BC3A-C6D1-4D9F-AAB8-F5833FB8E01A}.AppStore|Any CPU.Build.0 = Release|Any CPU
		{9817BC3A-C6D1-4D9F-AAB8-F5833FB8E01A}.AppStore|ARM.ActiveCfg = Release|Any CPU
		{9817BC3A-C6D1-4D9F-AAB8-F5833FB8E01A}.AppStore|ARM.Build.0 = Release|Any CPU
		{9817BC3A-C6D1-4D9F-AAB8-F5833FB8E01A}.AppStore|iPhone.ActiveCfg = Release|Any CPU
		{9817BC3A-C6D1-4D9F-AAB8-F5833FB8E01A}.AppStore|iPhone.Build.0 = Release|Any CPU
		{9817BC3A-C6D1-4D9F-AAB8-F5833FB8E01A}.AppStore|iPhoneSimulator.ActiveCfg = Release|Any CPU
		{9817BC3A-C6D1-4D9F-AAB8-F5833FB8E01A}.AppStore|iPhoneSimulator.Build.0 = Release|Any CPU
		{9817BC3A-C6D1-4D9F-AAB8-F5833FB8E01A}.AppStore|x64.ActiveCfg = Release|Any CPU
		{9817BC3A-C6D1-4D9F-AAB8-F5833FB8E01A}.AppStore|x64.Build.0 = Release|Any CPU
		{9817BC3A-C6D1-4D9F-AAB8-F5833FB8E01A}.AppStore|x86.ActiveCfg = Release|Any CPU
		{9817BC3A-C6D1-4D9F-AAB8-F5833FB8E01A}.AppStore|x86.Build.0 = Release|Any CPU
		{9817BC3A-C6D1-4D9F-AAB8-F5833FB8E01A}.Debug|Any CPU.ActiveCfg = Debug|Any CPU
		{9817BC3A-C6D1-4D9F-AAB8-F5833FB8E01A}.Debug|Any CPU.Build.0 = Debug|Any CPU
		{9817BC3A-C6D1-4D9F-AAB8-F5833FB8E01A}.Debug|ARM.ActiveCfg = Debug|Any CPU
		{9817BC3A-C6D1-4D9F-AAB8-F5833FB8E01A}.Debug|ARM.Build.0 = Debug|Any CPU
		{9817BC3A-C6D1-4D9F-AAB8-F5833FB8E01A}.Debug|iPhone.ActiveCfg = Debug|Any CPU
		{9817BC3A-C6D1-4D9F-AAB8-F5833FB8E01A}.Debug|iPhone.Build.0 = Debug|Any CPU
		{9817BC3A-C6D1-4D9F-AAB8-F5833FB8E01A}.Debug|iPhoneSimulator.ActiveCfg = Debug|Any CPU
		{9817BC3A-C6D1-4D9F-AAB8-F5833FB8E01A}.Debug|iPhoneSimulator.Build.0 = Debug|Any CPU
		{9817BC3A-C6D1-4D9F-AAB8-F5833FB8E01A}.Debug|x64.ActiveCfg = Debug|Any CPU
		{9817BC3A-C6D1-4D9F-AAB8-F5833FB8E01A}.Debug|x64.Build.0 = Debug|Any CPU
		{9817BC3A-C6D1-4D9F-AAB8-F5833FB8E01A}.Debug|x86.ActiveCfg = Debug|Any CPU
		{9817BC3A-C6D1-4D9F-AAB8-F5833FB8E01A}.Debug|x86.Build.0 = Debug|Any CPU
		{9817BC3A-C6D1-4D9F-AAB8-F5833FB8E01A}.Release|Any CPU.ActiveCfg = Release|Any CPU
		{9817BC3A-C6D1-4D9F-AAB8-F5833FB8E01A}.Release|Any CPU.Build.0 = Release|Any CPU
		{9817BC3A-C6D1-4D9F-AAB8-F5833FB8E01A}.Release|ARM.ActiveCfg = Release|Any CPU
		{9817BC3A-C6D1-4D9F-AAB8-F5833FB8E01A}.Release|ARM.Build.0 = Release|Any CPU
		{9817BC3A-C6D1-4D9F-AAB8-F5833FB8E01A}.Release|iPhone.ActiveCfg = Release|Any CPU
		{9817BC3A-C6D1-4D9F-AAB8-F5833FB8E01A}.Release|iPhone.Build.0 = Release|Any CPU
		{9817BC3A-C6D1-4D9F-AAB8-F5833FB8E01A}.Release|iPhoneSimulator.ActiveCfg = Release|Any CPU
		{9817BC3A-C6D1-4D9F-AAB8-F5833FB8E01A}.Release|iPhoneSimulator.Build.0 = Release|Any CPU
		{9817BC3A-C6D1-4D9F-AAB8-F5833FB8E01A}.Release|x64.ActiveCfg = Release|Any CPU
		{9817BC3A-C6D1-4D9F-AAB8-F5833FB8E01A}.Release|x64.Build.0 = Release|Any CPU
		{9817BC3A-C6D1-4D9F-AAB8-F5833FB8E01A}.Release|x86.ActiveCfg = Release|Any CPU
		{9817BC3A-C6D1-4D9F-AAB8-F5833FB8E01A}.Release|x86.Build.0 = Release|Any CPU
	EndGlobalSection
	GlobalSection(SolutionProperties) = preSolution
		HideSolutionNode = FALSE
	EndGlobalSection
EndGlobal
